
Microsoft Visual Studio Solution File, Format Version 12.00
# Visual Studio Version 17
VisualStudioVersion = 17.8.34408.163
MinimumVisualStudioVersion = 10.0.40219.1
Project("{9A19103F-16F7-4668-BE54-9A1E7A4F7556}") = "PokerFace", "PokerFace\PokerFace.csproj", "{BAF1A1F7-034E-4328-A3FF-64D4BB321F85}"
EndProject
Project("{FAE04EC0-301F-11D3-BF4B-00C04F79EFBC}") = "PokerFace.Tests", "PokerFace.Tests\PokerFace.Tests.csproj", "{CCF5DD18-49DB-4DFF-B841-CB96F7951CDA}"
EndProject
Global
	GlobalSection(SolutionConfigurationPlatforms) = preSolution
		Debug|Any CPU = Debug|Any CPU
		Release|Any CPU = Release|Any CPU
	EndGlobalSection
	GlobalSection(ProjectConfigurationPlatforms) = postSolution
		{BAF1A1F7-034E-4328-A3FF-64D4BB321F85}.Debug|Any CPU.ActiveCfg = Debug|Any CPU
		{BAF1A1F7-034E-4328-A3FF-64D4BB321F85}.Debug|Any CPU.Build.0 = Debug|Any CPU
		{BAF1A1F7-034E-4328-A3FF-64D4BB321F85}.Release|Any CPU.ActiveCfg = Release|Any CPU
		{BAF1A1F7-034E-4328-A3FF-64D4BB321F85}.Release|Any CPU.Build.0 = Release|Any CPU
		{CCF5DD18-49DB-4DFF-B841-CB96F7951CDA}.Debug|Any CPU.ActiveCfg = Debug|Any CPU
		{CCF5DD18-49DB-4DFF-B841-CB96F7951CDA}.Debug|Any CPU.Build.0 = Debug|Any CPU
		{CCF5DD18-49DB-4DFF-B841-CB96F7951CDA}.Release|Any CPU.ActiveCfg = Release|Any CPU
		{CCF5DD18-49DB-4DFF-B841-CB96F7951CDA}.Release|Any CPU.Build.0 = Release|Any CPU
	EndGlobalSection
	GlobalSection(SolutionProperties) = preSolution
		HideSolutionNode = FALSE
	EndGlobalSection
	GlobalSection(ExtensibilityGlobals) = postSolution
		SolutionGuid = {12782A68-6BB5-486A-862F-268A80112437}
	EndGlobalSection
EndGlobal
